// !$*UTF8*$!
{
	archiveVersion = 1;
	classes = {
	};
	objectVersion = 48;
	objects = {

/* Begin PBXBuildFile section */
		9BA716822189DBA700788972 /* AppDelegate.swift in Sources */ = {isa = PBXBuildFile; fileRef = 9BA716812189DBA700788972 /* AppDelegate.swift */; };
		9BA716842189DBA700788972 /* TodoListViewController.swift in Sources */ = {isa = PBXBuildFile; fileRef = 9BA716832189DBA700788972 /* TodoListViewController.swift */; };
		9BA716872189DBA700788972 /* Main.storyboard in Resources */ = {isa = PBXBuildFile; fileRef = 9BA716852189DBA700788972 /* Main.storyboard */; };
		9BA716892189DBA700788972 /* Assets.xcassets in Resources */ = {isa = PBXBuildFile; fileRef = 9BA716882189DBA700788972 /* Assets.xcassets */; };
		9BA7168C2189DBA700788972 /* LaunchScreen.storyboard in Resources */ = {isa = PBXBuildFile; fileRef = 9BA7168A2189DBA700788972 /* LaunchScreen.storyboard */; };
		9BBB79F6218DAF8300176E31 /* CategoryViewController.swift in Sources */ = {isa = PBXBuildFile; fileRef = 9BBB79F5218DAF8300176E31 /* CategoryViewController.swift */; };
		9BBB79FA218DECD300176E31 /* Item.swift in Sources */ = {isa = PBXBuildFile; fileRef = 9BBB79F9218DECD300176E31 /* Item.swift */; };
		9BBB79FC218DECDD00176E31 /* Category.swift in Sources */ = {isa = PBXBuildFile; fileRef = 9BBB79FB218DECDD00176E31 /* Category.swift */; };
		9BDA4011218F10B500C5EA07 /* SwipeTableViewController.swift in Sources */ = {isa = PBXBuildFile; fileRef = 9BDA4010218F10B500C5EA07 /* SwipeTableViewController.swift */; };
		A31A10596B7346F822935888 /* Pods_Todoey.framework in Frameworks */ = {isa = PBXBuildFile; fileRef = 7E4A5D548679F22CC4540F9D /* Pods_Todoey.framework */; };
/* End PBXBuildFile section */

/* Begin PBXFileReference section */
		3AC2EAB7B07A44C26604B59B /* Pods-Todoey.release.xcconfig */ = {isa = PBXFileReference; includeInIndex = 1; lastKnownFileType = text.xcconfig; name = "Pods-Todoey.release.xcconfig"; path = "Pods/Target Support Files/Pods-Todoey/Pods-Todoey.release.xcconfig"; sourceTree = "<group>"; };
		7E4A5D548679F22CC4540F9D /* Pods_Todoey.framework */ = {isa = PBXFileReference; explicitFileType = wrapper.framework; includeInIndex = 0; path = Pods_Todoey.framework; sourceTree = BUILT_PRODUCTS_DIR; };
		8560231263042ABB83383BE8 /* Pods-Todoey.debug.xcconfig */ = {isa = PBXFileReference; includeInIndex = 1; lastKnownFileType = text.xcconfig; name = "Pods-Todoey.debug.xcconfig"; path = "Pods/Target Support Files/Pods-Todoey/Pods-Todoey.debug.xcconfig"; sourceTree = "<group>"; };
		9BA7167E2189DBA700788972 /* Todoey.app */ = {isa = PBXFileReference; explicitFileType = wrapper.application; includeInIndex = 0; path = Todoey.app; sourceTree = BUILT_PRODUCTS_DIR; };
		9BA716812189DBA700788972 /* AppDelegate.swift */ = {isa = PBXFileReference; lastKnownFileType = sourcecode.swift; path = AppDelegate.swift; sourceTree = "<group>"; };
		9BA716832189DBA700788972 /* TodoListViewController.swift */ = {isa = PBXFileReference; lastKnownFileType = sourcecode.swift; path = TodoListViewController.swift; sourceTree = "<group>"; };
		9BA716862189DBA700788972 /* Base */ = {isa = PBXFileReference; lastKnownFileType = file.storyboard; name = Base; path = Base.lproj/Main.storyboard; sourceTree = "<group>"; };
		9BA716882189DBA700788972 /* Assets.xcassets */ = {isa = PBXFileReference; lastKnownFileType = folder.assetcatalog; path = Assets.xcassets; sourceTree = "<group>"; };
		9BA7168B2189DBA700788972 /* Base */ = {isa = PBXFileReference; lastKnownFileType = file.storyboard; name = Base; path = Base.lproj/LaunchScreen.storyboard; sourceTree = "<group>"; };
		9BA7168D2189DBA700788972 /* Info.plist */ = {isa = PBXFileReference; lastKnownFileType = text.plist.xml; path = Info.plist; sourceTree = "<group>"; };
		9BBB79F5218DAF8300176E31 /* CategoryViewController.swift */ = {isa = PBXFileReference; lastKnownFileType = sourcecode.swift; path = CategoryViewController.swift; sourceTree = "<group>"; };
		9BBB79F9218DECD300176E31 /* Item.swift */ = {isa = PBXFileReference; lastKnownFileType = sourcecode.swift; path = Item.swift; sourceTree = "<group>"; };
		9BBB79FB218DECDD00176E31 /* Category.swift */ = {isa = PBXFileReference; lastKnownFileType = sourcecode.swift; path = Category.swift; sourceTree = "<group>"; };
		9BDA4010218F10B500C5EA07 /* SwipeTableViewController.swift */ = {isa = PBXFileReference; lastKnownFileType = sourcecode.swift; path = SwipeTableViewController.swift; sourceTree = "<group>"; };
/* End PBXFileReference section */

/* Begin PBXFrameworksBuildPhase section */
		9BA7167B2189DBA700788972 /* Frameworks */ = {
			isa = PBXFrameworksBuildPhase;
			buildActionMask = 2147483647;
			files = (
				A31A10596B7346F822935888 /* Pods_Todoey.framework in Frameworks */,
			);
			runOnlyForDeploymentPostprocessing = 0;
		};
/* End PBXFrameworksBuildPhase section */

/* Begin PBXGroup section */
		9B30CF8E218B442B00E2D673 /* Views */ = {
			isa = PBXGroup;
			children = (
				9BA716852189DBA700788972 /* Main.storyboard */,
			);
			path = Views;
			sourceTree = "<group>";
		};
		9B30CF8F218B444000E2D673 /* Supporting Files */ = {
			isa = PBXGroup;
			children = (
				9BA716882189DBA700788972 /* Assets.xcassets */,
				9BA7168A2189DBA700788972 /* LaunchScreen.storyboard */,
			);
			path = "Supporting Files";
			sourceTree = "<group>";
		};
		9B64846D218B437E005990BF /* Data Model */ = {
			isa = PBXGroup;
			children = (
				9BBB79FB218DECDD00176E31 /* Category.swift */,
				9BBB79F9218DECD300176E31 /* Item.swift */,
			);
			path = "Data Model";
			sourceTree = "<group>";
		};
		9B64846E218B43AB005990BF /* Controllers */ = {
			isa = PBXGroup;
			children = (
				9BBB79F5218DAF8300176E31 /* CategoryViewController.swift */,
				9BA716832189DBA700788972 /* TodoListViewController.swift */,
				9BDA4010218F10B500C5EA07 /* SwipeTableViewController.swift */,
			);
			path = Controllers;
			sourceTree = "<group>";
		};
		9BA716752189DBA700788972 = {
			isa = PBXGroup;
			children = (
				9BA716802189DBA700788972 /* Todoey */,
				9BA7167F2189DBA700788972 /* Products */,
				A6E5BBF29B25EB82A7F6E70E /* Pods */,
				E19832B2A6482CE40868EC09 /* Frameworks */,
			);
			sourceTree = "<group>";
		};
		9BA7167F2189DBA700788972 /* Products */ = {
			isa = PBXGroup;
			children = (
				9BA7167E2189DBA700788972 /* Todoey.app */,
			);
			name = Products;
			sourceTree = "<group>";
		};
		9BA716802189DBA700788972 /* Todoey */ = {
			isa = PBXGroup;
			children = (
				9BA716812189DBA700788972 /* AppDelegate.swift */,
				9B64846E218B43AB005990BF /* Controllers */,
				9B64846D218B437E005990BF /* Data Model */,
				9B30CF8E218B442B00E2D673 /* Views */,
				9B30CF8F218B444000E2D673 /* Supporting Files */,
				9BA7168D2189DBA700788972 /* Info.plist */,
			);
			path = Todoey;
			sourceTree = "<group>";
		};
		A6E5BBF29B25EB82A7F6E70E /* Pods */ = {
			isa = PBXGroup;
			children = (
				8560231263042ABB83383BE8 /* Pods-Todoey.debug.xcconfig */,
				3AC2EAB7B07A44C26604B59B /* Pods-Todoey.release.xcconfig */,
			);
			name = Pods;
			sourceTree = "<group>";
		};
		E19832B2A6482CE40868EC09 /* Frameworks */ = {
			isa = PBXGroup;
			children = (
				7E4A5D548679F22CC4540F9D /* Pods_Todoey.framework */,
			);
			name = Frameworks;
			sourceTree = "<group>";
		};
/* End PBXGroup section */

/* Begin PBXNativeTarget section */
		9BA7167D2189DBA700788972 /* Todoey */ = {
			isa = PBXNativeTarget;
			buildConfigurationList = 9BA716902189DBA700788972 /* Build configuration list for PBXNativeTarget "Todoey" */;
			buildPhases = (
				A725DEF8D630CDC828B23993 /* [CP] Check Pods Manifest.lock */,
				9BA7167A2189DBA700788972 /* Sources */,
				9BA7167B2189DBA700788972 /* Frameworks */,
				9BA7167C2189DBA700788972 /* Resources */,
				B9BBAED00591AB69A3BDBF1F /* [CP] Embed Pods Frameworks */,
			);
			buildRules = (
			);
			dependencies = (
			);
			name = Todoey;
			productName = Todoey;
			productReference = 9BA7167E2189DBA700788972 /* Todoey.app */;
			productType = "com.apple.product-type.application";
		};
/* End PBXNativeTarget section */

/* Begin PBXProject section */
		9BA716762189DBA700788972 /* Project object */ = {
			isa = PBXProject;
			attributes = {
				LastSwiftUpdateCheck = 0920;
				LastUpgradeCheck = 0920;
				ORGANIZATIONNAME = "Sergiy SHILINGOV";
				TargetAttributes = {
					9BA7167D2189DBA700788972 = {
						CreatedOnToolsVersion = 9.2;
						ProvisioningStyle = Automatic;
					};
				};
			};
			buildConfigurationList = 9BA716792189DBA700788972 /* Build configuration list for PBXProject "Todoey" */;
			compatibilityVersion = "Xcode 8.0";
			developmentRegion = en;
			hasScannedForEncodings = 0;
			knownRegions = (
				en,
				Base,
			);
			mainGroup = 9BA716752189DBA700788972;
			productRefGroup = 9BA7167F2189DBA700788972 /* Products */;
			projectDirPath = "";
			projectRoot = "";
			targets = (
				9BA7167D2189DBA700788972 /* Todoey */,
			);
		};
/* End PBXProject section */

/* Begin PBXResourcesBuildPhase section */
		9BA7167C2189DBA700788972 /* Resources */ = {
			isa = PBXResourcesBuildPhase;
			buildActionMask = 2147483647;
			files = (
				9BA7168C2189DBA700788972 /* LaunchScreen.storyboard in Resources */,
				9BA716892189DBA700788972 /* Assets.xcassets in Resources */,
				9BA716872189DBA700788972 /* Main.storyboard in Resources */,
			);
			runOnlyForDeploymentPostprocessing = 0;
		};
/* End PBXResourcesBuildPhase section */

/* Begin PBXShellScriptBuildPhase section */
		A725DEF8D630CDC828B23993 /* [CP] Check Pods Manifest.lock */ = {
			isa = PBXShellScriptBuildPhase;
			buildActionMask = 2147483647;
			files = (
			);
			inputPaths = (
				"${PODS_PODFILE_DIR_PATH}/Podfile.lock",
				"${PODS_ROOT}/Manifest.lock",
			);
			name = "[CP] Check Pods Manifest.lock";
			outputPaths = (
				"$(DERIVED_FILE_DIR)/Pods-Todoey-checkManifestLockResult.txt",
			);
			runOnlyForDeploymentPostprocessing = 0;
			shellPath = /bin/sh;
			shellScript = "diff \"${PODS_PODFILE_DIR_PATH}/Podfile.lock\" \"${PODS_ROOT}/Manifest.lock\" > /dev/null\nif [ $? != 0 ] ; then\n    # print error to STDERR\n    echo \"error: The sandbox is not in sync with the Podfile.lock. Run 'pod install' or update your CocoaPods installation.\" >&2\n    exit 1\nfi\n# This output is used by Xcode 'outputs' to avoid re-running this script phase.\necho \"SUCCESS\" > \"${SCRIPT_OUTPUT_FILE_0}\"\n";
			showEnvVarsInLog = 0;
		};
		B9BBAED00591AB69A3BDBF1F /* [CP] Embed Pods Frameworks */ = {
			isa = PBXShellScriptBuildPhase;
			buildActionMask = 2147483647;
			files = (
			);
			inputPaths = (
				"${SRCROOT}/Pods/Target Support Files/Pods-Todoey/Pods-Todoey-frameworks.sh",
				"${BUILT_PRODUCTS_DIR}/ChameleonFramework/ChameleonFramework.framework",
				"${BUILT_PRODUCTS_DIR}/Realm/Realm.framework",
				"${BUILT_PRODUCTS_DIR}/RealmSwift/RealmSwift.framework",
				"${BUILT_PRODUCTS_DIR}/SwipeCellKit/SwipeCellKit.framework",
			);
			name = "[CP] Embed Pods Frameworks";
			outputPaths = (
				"${TARGET_BUILD_DIR}/${FRAMEWORKS_FOLDER_PATH}/ChameleonFramework.framework",
				"${TARGET_BUILD_DIR}/${FRAMEWORKS_FOLDER_PATH}/Realm.framework",
				"${TARGET_BUILD_DIR}/${FRAMEWORKS_FOLDER_PATH}/RealmSwift.framework",
				"${TARGET_BUILD_DIR}/${FRAMEWORKS_FOLDER_PATH}/SwipeCellKit.framework",
			);
			runOnlyForDeploymentPostprocessing = 0;
			shellPath = /bin/sh;
			shellScript = "\"${SRCROOT}/Pods/Target Support Files/Pods-Todoey/Pods-Todoey-frameworks.sh\"\n";
			showEnvVarsInLog = 0;
		};
/* End PBXShellScriptBuildPhase section */

/* Begin PBXSourcesBuildPhase section */
		9BA7167A2189DBA700788972 /* Sources */ = {
			isa = PBXSourcesBuildPhase;
			buildActionMask = 2147483647;
			files = (
				9BBB79FA218DECD300176E31 /* Item.swift in Sources */,
				9BBB79F6218DAF8300176E31 /* CategoryViewController.swift in Sources */,
				9BA716842189DBA700788972 /* TodoListViewController.swift in Sources */,
				9BA716822189DBA700788972 /* AppDelegate.swift in Sources */,
				9BDA4011218F10B500C5EA07 /* SwipeTableViewController.swift in Sources */,
				9BBB79FC218DECDD00176E31 /* Category.swift in Sources */,
			);
			runOnlyForDeploymentPostprocessing = 0;
		};
/* End PBXSourcesBuildPhase section */

/* Begin PBXVariantGroup section */
		9BA716852189DBA700788972 /* Main.storyboard */ = {
			isa = PBXVariantGroup;
			children = (
				9BA716862189DBA700788972 /* Base */,
			);
			name = Main.storyboard;
			sourceTree = "<group>";
		};
		9BA7168A2189DBA700788972 /* LaunchScreen.storyboard */ = {
			isa = PBXVariantGroup;
			children = (
				9BA7168B2189DBA700788972 /* Base */,
			);
			name = LaunchScreen.storyboard;
			sourceTree = "<group>";
		};
/* End PBXVariantGroup section */

/* Begin XCBuildConfiguration section */
		9BA7168E2189DBA700788972 /* Debug */ = {
			isa = XCBuildConfiguration;
			buildSettings = {
				ALWAYS_SEARCH_USER_PATHS = NO;
				CLANG_ANALYZER_NONNULL = YES;
				CLANG_ANALYZER_NUMBER_OBJECT_CONVERSION = YES_AGGRESSIVE;
				CLANG_CXX_LANGUAGE_STANDARD = "gnu++14";
				CLANG_CXX_LIBRARY = "libc++";
				CLANG_ENABLE_MODULES = YES;
				CLANG_ENABLE_OBJC_ARC = YES;
				CLANG_WARN_BLOCK_CAPTURE_AUTORELEASING = YES;
				CLANG_WARN_BOOL_CONVERSION = YES;
				CLANG_WARN_COMMA = YES;
				CLANG_WARN_CONSTANT_CONVERSION = YES;
				CLANG_WARN_DIRECT_OBJC_ISA_USAGE = YES_ERROR;
				CLANG_WARN_DOCUMENTATION_COMMENTS = YES;
				CLANG_WARN_EMPTY_BODY = YES;
				CLANG_WARN_ENUM_CONVERSION = YES;
				CLANG_WARN_INFINITE_RECURSION = YES;
				CLANG_WARN_INT_CONVERSION = YES;
				CLANG_WARN_NON_LITERAL_NULL_CONVERSION = YES;
				CLANG_WARN_OBJC_LITERAL_CONVERSION = YES;
				CLANG_WARN_OBJC_ROOT_CLASS = YES_ERROR;
				CLANG_WARN_RANGE_LOOP_ANALYSIS = YES;
				CLANG_WARN_STRICT_PROTOTYPES = YES;
				CLANG_WARN_SUSPICIOUS_MOVE = YES;
				CLANG_WARN_UNGUARDED_AVAILABILITY = YES_AGGRESSIVE;
				CLANG_WARN_UNREACHABLE_CODE = YES;
				CLANG_WARN__DUPLICATE_METHOD_MATCH = YES;
				CODE_SIGN_IDENTITY = "iPhone Developer";
				COPY_PHASE_STRIP = NO;
				DEBUG_INFORMATION_FORMAT = dwarf;
				ENABLE_STRICT_OBJC_MSGSEND = YES;
				ENABLE_TESTABILITY = YES;
				GCC_C_LANGUAGE_STANDARD = gnu11;
				GCC_DYNAMIC_NO_PIC = NO;
				GCC_NO_COMMON_BLOCKS = YES;
				GCC_OPTIMIZATION_LEVEL = 0;
				GCC_PREPROCESSOR_DEFINITIONS = (
					"DEBUG=1",
					"$(inherited)",
				);
				GCC_WARN_64_TO_32_BIT_CONVERSION = YES;
				GCC_WARN_ABOUT_RETURN_TYPE = YES_ERROR;
				GCC_WARN_UNDECLARED_SELECTOR = YES;
				GCC_WARN_UNINITIALIZED_AUTOS = YES_AGGRESSIVE;
				GCC_WARN_UNUSED_FUNCTION = YES;
				GCC_WARN_UNUSED_VARIABLE = YES;
				IPHONEOS_DEPLOYMENT_TARGET = 11.2;
				MTL_ENABLE_DEBUG_INFO = YES;
				ONLY_ACTIVE_ARCH = YES;
				SDKROOT = iphoneos;
				SWIFT_ACTIVE_COMPILATION_CONDITIONS = DEBUG;
				SWIFT_OPTIMIZATION_LEVEL = "-Onone";
			};
			name = Debug;
		};
		9BA7168F2189DBA700788972 /* Release */ = {
			isa = XCBuildConfiguration;
			buildSettings = {
				ALWAYS_SEARCH_USER_PATHS = NO;
				CLANG_ANALYZER_NONNULL = YES;
				CLANG_ANALYZER_NUMBER_OBJECT_CONVERSION = YES_AGGRESSIVE;
				CLANG_CXX_LANGUAGE_STANDARD = "gnu++14";
				CLANG_CXX_LIBRARY = "libc++";
				CLANG_ENABLE_MODULES = YES;
				CLANG_ENABLE_OBJC_ARC = YES;
				CLANG_WARN_BLOCK_CAPTURE_AUTORELEASING = YES;
				CLANG_WARN_BOOL_CONVERSION = YES;
				CLANG_WARN_COMMA = YES;
				CLANG_WARN_CONSTANT_CONVERSION = YES;
				CLANG_WARN_DIRECT_OBJC_ISA_USAGE = YES_ERROR;
				CLANG_WARN_DOCUMENTATION_COMMENTS = YES;
				CLANG_WARN_EMPTY_BODY = YES;
				CLANG_WARN_ENUM_CONVERSION = YES;
				CLANG_WARN_INFINITE_RECURSION = YES;
				CLANG_WARN_INT_CONVERSION = YES;
				CLANG_WARN_NON_LITERAL_NULL_CONVERSION = YES;
				CLANG_WARN_OBJC_LITERAL_CONVERSION = YES;
				CLANG_WARN_OBJC_ROOT_CLASS = YES_ERROR;
				CLANG_WARN_RANGE_LOOP_ANALYSIS = YES;
				CLANG_WARN_STRICT_PROTOTYPES = YES;
				CLANG_WARN_SUSPICIOUS_MOVE = YES;
				CLANG_WARN_UNGUARDED_AVAILABILITY = YES_AGGRESSIVE;
				CLANG_WARN_UNREACHABLE_CODE = YES;
				CLANG_WARN__DUPLICATE_METHOD_MATCH = YES;
				CODE_SIGN_IDENTITY = "iPhone Developer";
				COPY_PHASE_STRIP = NO;
				DEBUG_INFORMATION_FORMAT = "dwarf-with-dsym";
				ENABLE_NS_ASSERTIONS = NO;
				ENABLE_STRICT_OBJC_MSGSEND = YES;
				GCC_C_LANGUAGE_STANDARD = gnu11;
				GCC_NO_COMMON_BLOCKS = YES;
				GCC_WARN_64_TO_32_BIT_CONVERSION = YES;
				GCC_WARN_ABOUT_RETURN_TYPE = YES_ERROR;
				GCC_WARN_UNDECLARED_SELECTOR = YES;
				GCC_WARN_UNINITIALIZED_AUTOS = YES_AGGRESSIVE;
				GCC_WARN_UNUSED_FUNCTION = YES;
				GCC_WARN_UNUSED_VARIABLE = YES;
				IPHONEOS_DEPLOYMENT_TARGET = 11.2;
				MTL_ENABLE_DEBUG_INFO = NO;
				SDKROOT = iphoneos;
				SWIFT_OPTIMIZATION_LEVEL = "-Owholemodule";
				VALIDATE_PRODUCT = YES;
			};
			name = Release;
		};
		9BA716912189DBA700788972 /* Debug */ = {
			isa = XCBuildConfiguration;
			baseConfigurationReference = 8560231263042ABB83383BE8 /* Pods-Todoey.debug.xcconfig */;
			buildSettings = {
				ASSETCATALOG_COMPILER_APPICON_NAME = AppIcon;
				CODE_SIGN_STYLE = Automatic;
				INFOPLIST_FILE = Todoey/Info.plist;
				LD_RUNPATH_SEARCH_PATHS = "$(inherited) @executable_path/Frameworks";
				PRODUCT_BUNDLE_IDENTIFIER = sshiling.Todoey;
				PRODUCT_NAME = "$(TARGET_NAME)";
				SWIFT_VERSION = 4.0;
				TARGETED_DEVICE_FAMILY = "1,2";
			};
			name = Debug;
		};
		9BA716922189DBA700788972 /* Release */ = {
			isa = XCBuildConfiguration;
			baseConfigurationReference = 3AC2EAB7B07A44C26604B59B /* Pods-Todoey.release.xcconfig */;
			buildSettings = {
				ASSETCATALOG_COMPILER_APPICON_NAME = AppIcon;
				CODE_SIGN_STYLE = Automatic;
				INFOPLIST_FILE = Todoey/Info.plist;
				LD_RUNPATH_SEARCH_PATHS = "$(inherited) @executable_path/Frameworks";
				PRODUCT_BUNDLE_IDENTIFIER = sshiling.Todoey;
				PRODUCT_NAME = "$(TARGET_NAME)";
				SWIFT_VERSION = 4.0;
				TARGETED_DEVICE_FAMILY = "1,2";
			};
			name = Release;
		};
/* End XCBuildConfiguration section */

/* Begin XCConfigurationList section */
		9BA716792189DBA700788972 /* Build configuration list for PBXProject "Todoey" */ = {
			isa = XCConfigurationList;
			buildConfigurations = (
				9BA7168E2189DBA700788972 /* Debug */,
				9BA7168F2189DBA700788972 /* Release */,
			);
			defaultConfigurationIsVisible = 0;
			defaultConfigurationName = Release;
		};
		9BA716902189DBA700788972 /* Build configuration list for PBXNativeTarget "Todoey" */ = {
			isa = XCConfigurationList;
			buildConfigurations = (
				9BA716912189DBA700788972 /* Debug */,
				9BA716922189DBA700788972 /* Release */,
			);
			defaultConfigurationIsVisible = 0;
			defaultConfigurationName = Release;
		};
/* End XCConfigurationList section */
	};
	rootObject = 9BA716762189DBA700788972 /* Project object */;
}
